
Microsoft Visual Studio Solution File, Format Version 12.00
# Visual Studio Version 16
VisualStudioVersion = 16.0.30225.117
MinimumVisualStudioVersion = 10.0.40219.1
Project("{FAE04EC0-301F-11D3-BF4B-00C04F79EFBC}") = "SearchFight", "SearchFight.csproj", "{1A7554FE-0E42-4452-B51B-CEECF76505CA}"
EndProject
Global
	GlobalSection(SolutionConfigurationPlatforms) = preSolution
		Debug|Any CPU = Debug|Any CPU
		Release|Any CPU = Release|Any CPU
	EndGlobalSection
	GlobalSection(ProjectConfigurationPlatforms) = postSolution
		{1A7554FE-0E42-4452-B51B-CEECF76505CA}.Debug|Any CPU.ActiveCfg = Debug|Any CPU
		{1A7554FE-0E42-4452-B51B-CEECF76505CA}.Debug|Any CPU.Build.0 = Debug|Any CPU
		{1A7554FE-0E42-4452-B51B-CEECF76505CA}.Release|Any CPU.ActiveCfg = Release|Any CPU
		{1A7554FE-0E42-4452-B51B-CEECF76505CA}.Release|Any CPU.Build.0 = Release|Any CPU
	EndGlobalSection
	GlobalSection(SolutionProperties) = preSolution
		HideSolutionNode = FALSE
	EndGlobalSection
	GlobalSection(ExtensibilityGlobals) = postSolution
		SolutionGuid = {75D86506-F534-4C30-AF8C-E59A27FD4759}
	EndGlobalSection
EndGlobal
